
Microsoft Visual Studio Solution File, Format Version 12.00
# Visual Studio 2013
VisualStudioVersion = 12.0.21005.1
MinimumVisualStudioVersion = 10.0.40219.1
Project("{8BC9CEB8-8B4A-11D0-8D11-00A0C91BC942}") = "DemoClient", "DemoClient\DemoClient.vcxproj", "{EEF2F536-5948-4A72-951D-846075637633}"
EndProject
Project("{8BC9CEB8-8B4A-11D0-8D11-00A0C91BC942}") = "DemoServer", "DemoServer\DemoServer.vcxproj", "{718943B3-EB04-4FF7-82C8-AAB5F9F7D38C}"
EndProject
Global
	GlobalSection(SolutionConfigurationPlatforms) = preSolution
		Debug|Win32 = Debug|Win32
		Release|Win32 = Release|Win32
	EndGlobalSection
	GlobalSection(ProjectConfigurationPlatforms) = postSolution
		{EEF2F536-5948-4A72-951D-846075637633}.Debug|Win32.ActiveCfg = Debug|Win32
		{EEF2F536-5948-4A72-951D-846075637633}.Debug|Win32.Build.0 = Debug|Win32
		{EEF2F536-5948-4A72-951D-846075637633}.Release|Win32.ActiveCfg = Release|Win32
		{EEF2F536-5948-4A72-951D-846075637633}.Release|Win32.Build.0 = Release|Win32
		{718943B3-EB04-4FF7-82C8-AAB5F9F7D38C}.Debug|Win32.ActiveCfg = Debug|Win32
		{718943B3-EB04-4FF7-82C8-AAB5F9F7D38C}.Debug|Win32.Build.0 = Debug|Win32
		{718943B3-EB04-4FF7-82C8-AAB5F9F7D38C}.Release|Win32.ActiveCfg = Release|Win32
		{718943B3-EB04-4FF7-82C8-AAB5F9F7D38C}.Release|Win32.Build.0 = Release|Win32
	EndGlobalSection
	GlobalSection(SolutionProperties) = preSolution
		HideSolutionNode = FALSE
	EndGlobalSection
EndGlobal
